
Microsoft Visual Studio Solution File, Format Version 12.00
# Visual Studio 15
VisualStudioVersion = 15.0.28307.421
MinimumVisualStudioVersion = 10.0.40219.1
Project("{FAE04EC0-301F-11D3-BF4B-00C04F79EFBC}") = "DataGatherApplicationCore", "DataGatherApplicationCore\DataGatherApplicationCore.csproj", "{101239E9-D2F5-460E-9FB4-85803B0CE062}"
EndProject
Global
	GlobalSection(SolutionConfigurationPlatforms) = preSolution
		Debug|Any CPU = Debug|Any CPU
		Release|Any CPU = Release|Any CPU
	EndGlobalSection
	GlobalSection(ProjectConfigurationPlatforms) = postSolution
		{101239E9-D2F5-460E-9FB4-85803B0CE062}.Debug|Any CPU.ActiveCfg = Debug|Any CPU
		{101239E9-D2F5-460E-9FB4-85803B0CE062}.Debug|Any CPU.Build.0 = Debug|Any CPU
		{101239E9-D2F5-460E-9FB4-85803B0CE062}.Release|Any CPU.ActiveCfg = Release|Any CPU
		{101239E9-D2F5-460E-9FB4-85803B0CE062}.Release|Any CPU.Build.0 = Release|Any CPU
	EndGlobalSection
	GlobalSection(SolutionProperties) = preSolution
		HideSolutionNode = FALSE
	EndGlobalSection
	GlobalSection(ExtensibilityGlobals) = postSolution
		SolutionGuid = {24D7E676-BECB-4F36-BD00-A377D3002C54}
	EndGlobalSection
EndGlobal
